{
  "originHash" : "7cd8b3cc1f6a423f038fb3df60a4cab4b1a1184f493d303feb6f7dc8c21343a0",
  "pins" : [
    {
      "identity" : "youtube-ios-player-helper",
      "kind" : "remoteSourceControl",
      "location" : "https://github.com/youtube/youtube-ios-player-helper.git",
      "state" : {
        "revision" : "f57129cd4380ec0a74dd3a59da3270a1d653d59b",
        "version" : "1.0.4"
      }
    }
  ],
  "version" : 3
}
