// !$*UTF8*$!
{
	archiveVersion = 1;
	classes = {
	};
	objectVersion = 56;
	objects = {

/* Begin PBXBuildFile section */
		6D8D9E3B2BDDD46C00632DAB /* GroupStageView.swift in Sources */ = {isa = PBXBuildFile; fileRef = 6D8D9E3A2BDDD46C00632DAB /* GroupStageView.swift */; };
		6D8D9E3D2BDDDDB400632DAB /* knockoutList.swift in Sources */ = {isa = PBXBuildFile; fileRef = 6D8D9E3C2BDDDDB400632DAB /* knockoutList.swift */; };
		6D8D9E3F2BDDDEAC00632DAB /* BracketView.swift in Sources */ = {isa = PBXBuildFile; fileRef = 6D8D9E3E2BDDDEAC00632DAB /* BracketView.swift */; };
		6D8D9E412BDE140100632DAB /* stats.swift in Sources */ = {isa = PBXBuildFile; fileRef = 6D8D9E402BDE140100632DAB /* stats.swift */; };
		6D8D9E452BDE277C00632DAB /* KeyStatsView.swift in Sources */ = {isa = PBXBuildFile; fileRef = 6D8D9E442BDE277C00632DAB /* KeyStatsView.swift */; };
		6DCDC8DD29BBFB3300A93918 /* FIFAWC2022App.swift in Sources */ = {isa = PBXBuildFile; fileRef = 6DCDC8DC29BBFB3300A93918 /* FIFAWC2022App.swift */; };
		6DCDC8DF29BBFB3300A93918 /* ContentView.swift in Sources */ = {isa = PBXBuildFile; fileRef = 6DCDC8DE29BBFB3300A93918 /* ContentView.swift */; };
		6DCDC8E129BBFB3400A93918 /* Assets.xcassets in Resources */ = {isa = PBXBuildFile; fileRef = 6DCDC8E029BBFB3400A93918 /* Assets.xcassets */; };
		6DCDC8E429BBFB3400A93918 /* Preview Assets.xcassets in Resources */ = {isa = PBXBuildFile; fileRef = 6DCDC8E329BBFB3400A93918 /* Preview Assets.xcassets */; };
		6DCDC8EE29BBFB3400A93918 /* FIFAWC2022Tests.swift in Sources */ = {isa = PBXBuildFile; fileRef = 6DCDC8ED29BBFB3400A93918 /* FIFAWC2022Tests.swift */; };
		6DCDC8F829BBFB3400A93918 /* FIFAWC2022UITests.swift in Sources */ = {isa = PBXBuildFile; fileRef = 6DCDC8F729BBFB3400A93918 /* FIFAWC2022UITests.swift */; };
		6DCDC8FA29BBFB3400A93918 /* FIFAWC2022UITestsLaunchTests.swift in Sources */ = {isa = PBXBuildFile; fileRef = 6DCDC8F929BBFB3400A93918 /* FIFAWC2022UITestsLaunchTests.swift */; };
		6DCDC90729BC545100A93918 /* teamsList.swift in Sources */ = {isa = PBXBuildFile; fileRef = 6DCDC90629BC545100A93918 /* teamsList.swift */; };
		6DCDC90929BC59E400A93918 /* TeamView.swift in Sources */ = {isa = PBXBuildFile; fileRef = 6DCDC90829BC59E400A93918 /* TeamView.swift */; };
/* End PBXBuildFile section */

/* Begin PBXContainerItemProxy section */
		6DCDC8EA29BBFB3400A93918 /* PBXContainerItemProxy */ = {
			isa = PBXContainerItemProxy;
			containerPortal = 6DCDC8D129BBFB3300A93918 /* Project object */;
			proxyType = 1;
			remoteGlobalIDString = 6DCDC8D829BBFB3300A93918;
			remoteInfo = FIFAWC2022;
		};
		6DCDC8F429BBFB3400A93918 /* PBXContainerItemProxy */ = {
			isa = PBXContainerItemProxy;
			containerPortal = 6DCDC8D129BBFB3300A93918 /* Project object */;
			proxyType = 1;
			remoteGlobalIDString = 6DCDC8D829BBFB3300A93918;
			remoteInfo = FIFAWC2022;
		};
/* End PBXContainerItemProxy section */

/* Begin PBXFileReference section */
		6D8D9E3A2BDDD46C00632DAB /* GroupStageView.swift */ = {isa = PBXFileReference; lastKnownFileType = sourcecode.swift; path = GroupStageView.swift; sourceTree = "<group>"; };
		6D8D9E3C2BDDDDB400632DAB /* knockoutList.swift */ = {isa = PBXFileReference; lastKnownFileType = sourcecode.swift; path = knockoutList.swift; sourceTree = "<group>"; };
		6D8D9E3E2BDDDEAC00632DAB /* BracketView.swift */ = {isa = PBXFileReference; lastKnownFileType = sourcecode.swift; path = BracketView.swift; sourceTree = "<group>"; };
		6D8D9E402BDE140100632DAB /* stats.swift */ = {isa = PBXFileReference; lastKnownFileType = sourcecode.swift; path = stats.swift; sourceTree = "<group>"; };
		6D8D9E442BDE277C00632DAB /* KeyStatsView.swift */ = {isa = PBXFileReference; lastKnownFileType = sourcecode.swift; path = KeyStatsView.swift; sourceTree = "<group>"; };
		6DCDC8D929BBFB3300A93918 /* FIFAWC2022.app */ = {isa = PBXFileReference; explicitFileType = wrapper.application; includeInIndex = 0; path = FIFAWC2022.app; sourceTree = BUILT_PRODUCTS_DIR; };
		6DCDC8DC29BBFB3300A93918 /* FIFAWC2022App.swift */ = {isa = PBXFileReference; lastKnownFileType = sourcecode.swift; path = FIFAWC2022App.swift; sourceTree = "<group>"; };
		6DCDC8DE29BBFB3300A93918 /* ContentView.swift */ = {isa = PBXFileReference; lastKnownFileType = sourcecode.swift; path = ContentView.swift; sourceTree = "<group>"; };
		6DCDC8E029BBFB3400A93918 /* Assets.xcassets */ = {isa = PBXFileReference; lastKnownFileType = folder.assetcatalog; path = Assets.xcassets; sourceTree = "<group>"; };
		6DCDC8E329BBFB3400A93918 /* Preview Assets.xcassets */ = {isa = PBXFileReference; lastKnownFileType = folder.assetcatalog; path = "Preview Assets.xcassets"; sourceTree = "<group>"; };
		6DCDC8E929BBFB3400A93918 /* FIFAWC2022Tests.xctest */ = {isa = PBXFileReference; explicitFileType = wrapper.cfbundle; includeInIndex = 0; path = FIFAWC2022Tests.xctest; sourceTree = BUILT_PRODUCTS_DIR; };
		6DCDC8ED29BBFB3400A93918 /* FIFAWC2022Tests.swift */ = {isa = PBXFileReference; lastKnownFileType = sourcecode.swift; path = FIFAWC2022Tests.swift; sourceTree = "<group>"; };
		6DCDC8F329BBFB3400A93918 /* FIFAWC2022UITests.xctest */ = {isa = PBXFileReference; explicitFileType = wrapper.cfbundle; includeInIndex = 0; path = FIFAWC2022UITests.xctest; sourceTree = BUILT_PRODUCTS_DIR; };
		6DCDC8F729BBFB3400A93918 /* FIFAWC2022UITests.swift */ = {isa = PBXFileReference; lastKnownFileType = sourcecode.swift; path = FIFAWC2022UITests.swift; sourceTree = "<group>"; };
		6DCDC8F929BBFB3400A93918 /* FIFAWC2022UITestsLaunchTests.swift */ = {isa = PBXFileReference; lastKnownFileType = sourcecode.swift; path = FIFAWC2022UITestsLaunchTests.swift; sourceTree = "<group>"; };
		6DCDC90629BC545100A93918 /* teamsList.swift */ = {isa = PBXFileReference; lastKnownFileType = sourcecode.swift; path = teamsList.swift; sourceTree = "<group>"; };
		6DCDC90829BC59E400A93918 /* TeamView.swift */ = {isa = PBXFileReference; lastKnownFileType = sourcecode.swift; path = TeamView.swift; sourceTree = "<group>"; };
/* End PBXFileReference section */

/* Begin PBXFrameworksBuildPhase section */
		6DCDC8D629BBFB3300A93918 /* Frameworks */ = {
			isa = PBXFrameworksBuildPhase;
			buildActionMask = 2147483647;
			files = (
			);
			runOnlyForDeploymentPostprocessing = 0;
		};
		6DCDC8E629BBFB3400A93918 /* Frameworks */ = {
			isa = PBXFrameworksBuildPhase;
			buildActionMask = 2147483647;
			files = (
			);
			runOnlyForDeploymentPostprocessing = 0;
		};
		6DCDC8F029BBFB3400A93918 /* Frameworks */ = {
			isa = PBXFrameworksBuildPhase;
			buildActionMask = 2147483647;
			files = (
			);
			runOnlyForDeploymentPostprocessing = 0;
		};
/* End PBXFrameworksBuildPhase section */

/* Begin PBXGroup section */
		6DCDC8D029BBFB3300A93918 = {
			isa = PBXGroup;
			children = (
				6DCDC8DB29BBFB3300A93918 /* FIFAWC2022 */,
				6DCDC8EC29BBFB3400A93918 /* FIFAWC2022Tests */,
				6DCDC8F629BBFB3400A93918 /* FIFAWC2022UITests */,
				6DCDC8DA29BBFB3300A93918 /* Products */,
			);
			sourceTree = "<group>";
		};
		6DCDC8DA29BBFB3300A93918 /* Products */ = {
			isa = PBXGroup;
			children = (
				6DCDC8D929BBFB3300A93918 /* FIFAWC2022.app */,
				6DCDC8E929BBFB3400A93918 /* FIFAWC2022Tests.xctest */,
				6DCDC8F329BBFB3400A93918 /* FIFAWC2022UITests.xctest */,
			);
			name = Products;
			sourceTree = "<group>";
		};
		6DCDC8DB29BBFB3300A93918 /* FIFAWC2022 */ = {
			isa = PBXGroup;
			children = (
				6DCDC8DC29BBFB3300A93918 /* FIFAWC2022App.swift */,
				6DCDC8DE29BBFB3300A93918 /* ContentView.swift */,
				6DCDC8E029BBFB3400A93918 /* Assets.xcassets */,
				6DCDC8E229BBFB3400A93918 /* Preview Content */,
				6DCDC90629BC545100A93918 /* teamsList.swift */,
				6D8D9E3A2BDDD46C00632DAB /* GroupStageView.swift */,
				6DCDC90829BC59E400A93918 /* TeamView.swift */,
				6D8D9E402BDE140100632DAB /* stats.swift */,
				6D8D9E442BDE277C00632DAB /* KeyStatsView.swift */,
				6D8D9E3C2BDDDDB400632DAB /* knockoutList.swift */,
				6D8D9E3E2BDDDEAC00632DAB /* BracketView.swift */,
			);
			path = FIFAWC2022;
			sourceTree = "<group>";
		};
		6DCDC8E229BBFB3400A93918 /* Preview Content */ = {
			isa = PBXGroup;
			children = (
				6DCDC8E329BBFB3400A93918 /* Preview Assets.xcassets */,
			);
			path = "Preview Content";
			sourceTree = "<group>";
		};
		6DCDC8EC29BBFB3400A93918 /* FIFAWC2022Tests */ = {
			isa = PBXGroup;
			children = (
				6DCDC8ED29BBFB3400A93918 /* FIFAWC2022Tests.swift */,
			);
			path = FIFAWC2022Tests;
			sourceTree = "<group>";
		};
		6DCDC8F629BBFB3400A93918 /* FIFAWC2022UITests */ = {
			isa = PBXGroup;
			children = (
				6DCDC8F729BBFB3400A93918 /* FIFAWC2022UITests.swift */,
				6DCDC8F929BBFB3400A93918 /* FIFAWC2022UITestsLaunchTests.swift */,
			);
			path = FIFAWC2022UITests;
			sourceTree = "<group>";
		};
/* End PBXGroup section */

/* Begin PBXNativeTarget section */
		6DCDC8D829BBFB3300A93918 /* FIFAWC2022 */ = {
			isa = PBXNativeTarget;
			buildConfigurationList = 6DCDC8FD29BBFB3400A93918 /* Build configuration list for PBXNativeTarget "FIFAWC2022" */;
			buildPhases = (
				6DCDC8D529BBFB3300A93918 /* Sources */,
				6DCDC8D629BBFB3300A93918 /* Frameworks */,
				6DCDC8D729BBFB3300A93918 /* Resources */,
			);
			buildRules = (
			);
			dependencies = (
			);
			name = FIFAWC2022;
			productName = FIFAWC2022;
			productReference = 6DCDC8D929BBFB3300A93918 /* FIFAWC2022.app */;
			productType = "com.apple.product-type.application";
		};
		6DCDC8E829BBFB3400A93918 /* FIFAWC2022Tests */ = {
			isa = PBXNativeTarget;
			buildConfigurationList = 6DCDC90029BBFB3400A93918 /* Build configuration list for PBXNativeTarget "FIFAWC2022Tests" */;
			buildPhases = (
				6DCDC8E529BBFB3400A93918 /* Sources */,
				6DCDC8E629BBFB3400A93918 /* Frameworks */,
				6DCDC8E729BBFB3400A93918 /* Resources */,
			);
			buildRules = (
			);
			dependencies = (
				6DCDC8EB29BBFB3400A93918 /* PBXTargetDependency */,
			);
			name = FIFAWC2022Tests;
			productName = FIFAWC2022Tests;
			productReference = 6DCDC8E929BBFB3400A93918 /* FIFAWC2022Tests.xctest */;
			productType = "com.apple.product-type.bundle.unit-test";
		};
		6DCDC8F229BBFB3400A93918 /* FIFAWC2022UITests */ = {
			isa = PBXNativeTarget;
			buildConfigurationList = 6DCDC90329BBFB3400A93918 /* Build configuration list for PBXNativeTarget "FIFAWC2022UITests" */;
			buildPhases = (
				6DCDC8EF29BBFB3400A93918 /* Sources */,
				6DCDC8F029BBFB3400A93918 /* Frameworks */,
				6DCDC8F129BBFB3400A93918 /* Resources */,
			);
			buildRules = (
			);
			dependencies = (
				6DCDC8F529BBFB3400A93918 /* PBXTargetDependency */,
			);
			name = FIFAWC2022UITests;
			productName = FIFAWC2022UITests;
			productReference = 6DCDC8F329BBFB3400A93918 /* FIFAWC2022UITests.xctest */;
			productType = "com.apple.product-type.bundle.ui-testing";
		};
/* End PBXNativeTarget section */

/* Begin PBXProject section */
		6DCDC8D129BBFB3300A93918 /* Project object */ = {
			isa = PBXProject;
			attributes = {
				BuildIndependentTargetsInParallel = 1;
				LastSwiftUpdateCheck = 1420;
				LastUpgradeCheck = 1540;
				TargetAttributes = {
					6DCDC8D829BBFB3300A93918 = {
						CreatedOnToolsVersion = 14.2;
					};
					6DCDC8E829BBFB3400A93918 = {
						CreatedOnToolsVersion = 14.2;
						TestTargetID = 6DCDC8D829BBFB3300A93918;
					};
					6DCDC8F229BBFB3400A93918 = {
						CreatedOnToolsVersion = 14.2;
						TestTargetID = 6DCDC8D829BBFB3300A93918;
					};
				};
			};
			buildConfigurationList = 6DCDC8D429BBFB3300A93918 /* Build configuration list for PBXProject "FIFAWC2022" */;
			compatibilityVersion = "Xcode 14.0";
			developmentRegion = en;
			hasScannedForEncodings = 0;
			knownRegions = (
				en,
				Base,
			);
			mainGroup = 6DCDC8D029BBFB3300A93918;
			productRefGroup = 6DCDC8DA29BBFB3300A93918 /* Products */;
			projectDirPath = "";
			projectRoot = "";
			targets = (
				6DCDC8D829BBFB3300A93918 /* FIFAWC2022 */,
				6DCDC8E829BBFB3400A93918 /* FIFAWC2022Tests */,
				6DCDC8F229BBFB3400A93918 /* FIFAWC2022UITests */,
			);
		};
/* End PBXProject section */

/* Begin PBXResourcesBuildPhase section */
		6DCDC8D729BBFB3300A93918 /* Resources */ = {
			isa = PBXResourcesBuildPhase;
			buildActionMask = 2147483647;
			files = (
				6DCDC8E429BBFB3400A93918 /* Preview Assets.xcassets in Resources */,
				6DCDC8E129BBFB3400A93918 /* Assets.xcassets in Resources */,
			);
			runOnlyForDeploymentPostprocessing = 0;
		};
		6DCDC8E729BBFB3400A93918 /* Resources */ = {
			isa = PBXResourcesBuildPhase;
			buildActionMask = 2147483647;
			files = (
			);
			runOnlyForDeploymentPostprocessing = 0;
		};
		6DCDC8F129BBFB3400A93918 /* Resources */ = {
			isa = PBXResourcesBuildPhase;
			buildActionMask = 2147483647;
			files = (
			);
			runOnlyForDeploymentPostprocessing = 0;
		};
/* End PBXResourcesBuildPhase section */

/* Begin PBXSourcesBuildPhase section */
		6DCDC8D529BBFB3300A93918 /* Sources */ = {
			isa = PBXSourcesBuildPhase;
			buildActionMask = 2147483647;
			files = (
				6D8D9E3F2BDDDEAC00632DAB /* BracketView.swift in Sources */,
				6DCDC90729BC545100A93918 /* teamsList.swift in Sources */,
				6D8D9E452BDE277C00632DAB /* KeyStatsView.swift in Sources */,
				6D8D9E3D2BDDDDB400632DAB /* knockoutList.swift in Sources */,
				6DCDC8DF29BBFB3300A93918 /* ContentView.swift in Sources */,
				6DCDC8DD29BBFB3300A93918 /* FIFAWC2022App.swift in Sources */,
				6D8D9E412BDE140100632DAB /* stats.swift in Sources */,
				6DCDC90929BC59E400A93918 /* TeamView.swift in Sources */,
				6D8D9E3B2BDDD46C00632DAB /* GroupStageView.swift in Sources */,
			);
			runOnlyForDeploymentPostprocessing = 0;
		};
		6DCDC8E529BBFB3400A93918 /* Sources */ = {
			isa = PBXSourcesBuildPhase;
			buildActionMask = 2147483647;
			files = (
				6DCDC8EE29BBFB3400A93918 /* FIFAWC2022Tests.swift in Sources */,
			);
			runOnlyForDeploymentPostprocessing = 0;
		};
		6DCDC8EF29BBFB3400A93918 /* Sources */ = {
			isa = PBXSourcesBuildPhase;
			buildActionMask = 2147483647;
			files = (
				6DCDC8FA29BBFB3400A93918 /* FIFAWC2022UITestsLaunchTests.swift in Sources */,
				6DCDC8F829BBFB3400A93918 /* FIFAWC2022UITests.swift in Sources */,
			);
			runOnlyForDeploymentPostprocessing = 0;
		};
/* End PBXSourcesBuildPhase section */

/* Begin PBXTargetDependency section */
		6DCDC8EB29BBFB3400A93918 /* PBXTargetDependency */ = {
			isa = PBXTargetDependency;
			target = 6DCDC8D829BBFB3300A93918 /* FIFAWC2022 */;
			targetProxy = 6DCDC8EA29BBFB3400A93918 /* PBXContainerItemProxy */;
		};
		6DCDC8F529BBFB3400A93918 /* PBXTargetDependency */ = {
			isa = PBXTargetDependency;
			target = 6DCDC8D829BBFB3300A93918 /* FIFAWC2022 */;
			targetProxy = 6DCDC8F429BBFB3400A93918 /* PBXContainerItemProxy */;
		};
/* End PBXTargetDependency section */

/* Begin XCBuildConfiguration section */
		6DCDC8FB29BBFB3400A93918 /* Debug */ = {
			isa = XCBuildConfiguration;
			buildSettings = {
				ALWAYS_SEARCH_USER_PATHS = NO;
				ASSETCATALOG_COMPILER_GENERATE_SWIFT_ASSET_SYMBOL_EXTENSIONS = YES;
				CLANG_ANALYZER_NONNULL = YES;
				CLANG_ANALYZER_NUMBER_OBJECT_CONVERSION = YES_AGGRESSIVE;
				CLANG_CXX_LANGUAGE_STANDARD = "gnu++20";
				CLANG_ENABLE_MODULES = YES;
				CLANG_ENABLE_OBJC_ARC = YES;
				CLANG_ENABLE_OBJC_WEAK = YES;
				CLANG_WARN_BLOCK_CAPTURE_AUTORELEASING = YES;
				CLANG_WARN_BOOL_CONVERSION = YES;
				CLANG_WARN_COMMA = YES;
				CLANG_WARN_CONSTANT_CONVERSION = YES;
				CLANG_WARN_DEPRECATED_OBJC_IMPLEMENTATIONS = YES;
				CLANG_WARN_DIRECT_OBJC_ISA_USAGE = YES_ERROR;
				CLANG_WARN_DOCUMENTATION_COMMENTS = YES;
				CLANG_WARN_EMPTY_BODY = YES;
				CLANG_WARN_ENUM_CONVERSION = YES;
				CLANG_WARN_INFINITE_RECURSION = YES;
				CLANG_WARN_INT_CONVERSION = YES;
				CLANG_WARN_NON_LITERAL_NULL_CONVERSION = YES;
				CLANG_WARN_OBJC_IMPLICIT_RETAIN_SELF = YES;
				CLANG_WARN_OBJC_LITERAL_CONVERSION = YES;
				CLANG_WARN_OBJC_ROOT_CLASS = YES_ERROR;
				CLANG_WARN_QUOTED_INCLUDE_IN_FRAMEWORK_HEADER = YES;
				CLANG_WARN_RANGE_LOOP_ANALYSIS = YES;
				CLANG_WARN_STRICT_PROTOTYPES = YES;
				CLANG_WARN_SUSPICIOUS_MOVE = YES;
				CLANG_WARN_UNGUARDED_AVAILABILITY = YES_AGGRESSIVE;
				CLANG_WARN_UNREACHABLE_CODE = YES;
				CLANG_WARN__DUPLICATE_METHOD_MATCH = YES;
				COPY_PHASE_STRIP = NO;
				DEBUG_INFORMATION_FORMAT = dwarf;
				ENABLE_STRICT_OBJC_MSGSEND = YES;
				ENABLE_TESTABILITY = YES;
				ENABLE_USER_SCRIPT_SANDBOXING = YES;
				GCC_C_LANGUAGE_STANDARD = gnu11;
				GCC_DYNAMIC_NO_PIC = NO;
				GCC_NO_COMMON_BLOCKS = YES;
				GCC_OPTIMIZATION_LEVEL = 0;
				GCC_PREPROCESSOR_DEFINITIONS = (
					"DEBUG=1",
					"$(inherited)",
				);
				GCC_WARN_64_TO_32_BIT_CONVERSION = YES;
				GCC_WARN_ABOUT_RETURN_TYPE = YES_ERROR;
				GCC_WARN_UNDECLARED_SELECTOR = YES;
				GCC_WARN_UNINITIALIZED_AUTOS = YES_AGGRESSIVE;
				GCC_WARN_UNUSED_FUNCTION = YES;
				GCC_WARN_UNUSED_VARIABLE = YES;
				IPHONEOS_DEPLOYMENT_TARGET = 16.2;
				MTL_ENABLE_DEBUG_INFO = INCLUDE_SOURCE;
				MTL_FAST_MATH = YES;
				ONLY_ACTIVE_ARCH = YES;
				SDKROOT = iphoneos;
				SWIFT_ACTIVE_COMPILATION_CONDITIONS = DEBUG;
				SWIFT_OPTIMIZATION_LEVEL = "-Onone";
			};
			name = Debug;
		};
		6DCDC8FC29BBFB3400A93918 /* Release */ = {
			isa = XCBuildConfiguration;
			buildSettings = {
				ALWAYS_SEARCH_USER_PATHS = NO;
				ASSETCATALOG_COMPILER_GENERATE_SWIFT_ASSET_SYMBOL_EXTENSIONS = YES;
				CLANG_ANALYZER_NONNULL = YES;
				CLANG_ANALYZER_NUMBER_OBJECT_CONVERSION = YES_AGGRESSIVE;
				CLANG_CXX_LANGUAGE_STANDARD = "gnu++20";
				CLANG_ENABLE_MODULES = YES;
				CLANG_ENABLE_OBJC_ARC = YES;
				CLANG_ENABLE_OBJC_WEAK = YES;
				CLANG_WARN_BLOCK_CAPTURE_AUTORELEASING = YES;
				CLANG_WARN_BOOL_CONVERSION = YES;
				CLANG_WARN_COMMA = YES;
				CLANG_WARN_CONSTANT_CONVERSION = YES;
				CLANG_WARN_DEPRECATED_OBJC_IMPLEMENTATIONS = YES;
				CLANG_WARN_DIRECT_OBJC_ISA_USAGE = YES_ERROR;
				CLANG_WARN_DOCUMENTATION_COMMENTS = YES;
				CLANG_WARN_EMPTY_BODY = YES;
				CLANG_WARN_ENUM_CONVERSION = YES;
				CLANG_WARN_INFINITE_RECURSION = YES;
				CLANG_WARN_INT_CONVERSION = YES;
				CLANG_WARN_NON_LITERAL_NULL_CONVERSION = YES;
				CLANG_WARN_OBJC_IMPLICIT_RETAIN_SELF = YES;
				CLANG_WARN_OBJC_LITERAL_CONVERSION = YES;
				CLANG_WARN_OBJC_ROOT_CLASS = YES_ERROR;
				CLANG_WARN_QUOTED_INCLUDE_IN_FRAMEWORK_HEADER = YES;
				CLANG_WARN_RANGE_LOOP_ANALYSIS = YES;
				CLANG_WARN_STRICT_PROTOTYPES = YES;
				CLANG_WARN_SUSPICIOUS_MOVE = YES;
				CLANG_WARN_UNGUARDED_AVAILABILITY = YES_AGGRESSIVE;
				CLANG_WARN_UNREACHABLE_CODE = YES;
				CLANG_WARN__DUPLICATE_METHOD_MATCH = YES;
				COPY_PHASE_STRIP = NO;
				DEBUG_INFORMATION_FORMAT = "dwarf-with-dsym";
				ENABLE_NS_ASSERTIONS = NO;
				ENABLE_STRICT_OBJC_MSGSEND = YES;
				ENABLE_USER_SCRIPT_SANDBOXING = YES;
				GCC_C_LANGUAGE_STANDARD = gnu11;
				GCC_NO_COMMON_BLOCKS = YES;
				GCC_WARN_64_TO_32_BIT_CONVERSION = YES;
				GCC_WARN_ABOUT_RETURN_TYPE = YES_ERROR;
				GCC_WARN_UNDECLARED_SELECTOR = YES;
				GCC_WARN_UNINITIALIZED_AUTOS = YES_AGGRESSIVE;
				GCC_WARN_UNUSED_FUNCTION = YES;
				GCC_WARN_UNUSED_VARIABLE = YES;
				IPHONEOS_DEPLOYMENT_TARGET = 16.2;
				MTL_ENABLE_DEBUG_INFO = NO;
				MTL_FAST_MATH = YES;
				SDKROOT = iphoneos;
				SWIFT_COMPILATION_MODE = wholemodule;
				SWIFT_OPTIMIZATION_LEVEL = "-O";
				VALIDATE_PRODUCT = YES;
			};
			name = Release;
		};
		6DCDC8FE29BBFB3400A93918 /* Debug */ = {
			isa = XCBuildConfiguration;
			buildSettings = {
				ASSETCATALOG_COMPILER_APPICON_NAME = AppIcon;
				ASSETCATALOG_COMPILER_GLOBAL_ACCENT_COLOR_NAME = AccentColor;
				CODE_SIGN_STYLE = Automatic;
				CURRENT_PROJECT_VERSION = 1;
				DEVELOPMENT_ASSET_PATHS = "\"FIFAWC2022/Preview Content\"";
				DEVELOPMENT_TEAM = 3F634L5D2A;
				ENABLE_PREVIEWS = YES;
				GENERATE_INFOPLIST_FILE = YES;
				INFOPLIST_KEY_UIApplicationSceneManifest_Generation = YES;
				INFOPLIST_KEY_UIApplicationSupportsIndirectInputEvents = YES;
				INFOPLIST_KEY_UILaunchScreen_Generation = YES;
				INFOPLIST_KEY_UISupportedInterfaceOrientations_iPad = "UIInterfaceOrientationPortrait UIInterfaceOrientationPortraitUpsideDown UIInterfaceOrientationLandscapeLeft UIInterfaceOrientationLandscapeRight";
				INFOPLIST_KEY_UISupportedInterfaceOrientations_iPhone = "UIInterfaceOrientationPortrait UIInterfaceOrientationLandscapeLeft UIInterfaceOrientationLandscapeRight";
				LD_RUNPATH_SEARCH_PATHS = (
					"$(inherited)",
					"@executable_path/Frameworks",
				);
				MARKETING_VERSION = 1.0;
				PRODUCT_BUNDLE_IDENTIFIER = com.vishrutjha.FIFAWC2022;
				PRODUCT_NAME = "$(TARGET_NAME)";
				SWIFT_EMIT_LOC_STRINGS = YES;
				SWIFT_VERSION = 5.0;
				TARGETED_DEVICE_FAMILY = "1,2";
			};
			name = Debug;
		};
		6DCDC8FF29BBFB3400A93918 /* Release */ = {
			isa = XCBuildConfiguration;
			buildSettings = {
				ASSETCATALOG_COMPILER_APPICON_NAME = AppIcon;
				ASSETCATALOG_COMPILER_GLOBAL_ACCENT_COLOR_NAME = AccentColor;
				CODE_SIGN_STYLE = Automatic;
				CURRENT_PROJECT_VERSION = 1;
				DEVELOPMENT_ASSET_PATHS = "\"FIFAWC2022/Preview Content\"";
				DEVELOPMENT_TEAM = 3F634L5D2A;
				ENABLE_PREVIEWS = YES;
				GENERATE_INFOPLIST_FILE = YES;
				INFOPLIST_KEY_UIApplicationSceneManifest_Generation = YES;
				INFOPLIST_KEY_UIApplicationSupportsIndirectInputEvents = YES;
				INFOPLIST_KEY_UILaunchScreen_Generation = YES;
				INFOPLIST_KEY_UISupportedInterfaceOrientations_iPad = "UIInterfaceOrientationPortrait UIInterfaceOrientationPortraitUpsideDown UIInterfaceOrientationLandscapeLeft UIInterfaceOrientationLandscapeRight";
				INFOPLIST_KEY_UISupportedInterfaceOrientations_iPhone = "UIInterfaceOrientationPortrait UIInterfaceOrientationLandscapeLeft UIInterfaceOrientationLandscapeRight";
				LD_RUNPATH_SEARCH_PATHS = (
					"$(inherited)",
					"@executable_path/Frameworks",
				);
				MARKETING_VERSION = 1.0;
				PRODUCT_BUNDLE_IDENTIFIER = com.vishrutjha.FIFAWC2022;
				PRODUCT_NAME = "$(TARGET_NAME)";
				SWIFT_EMIT_LOC_STRINGS = YES;
				SWIFT_VERSION = 5.0;
				TARGETED_DEVICE_FAMILY = "1,2";
			};
			name = Release;
		};
		6DCDC90129BBFB3400A93918 /* Debug */ = {
			isa = XCBuildConfiguration;
			buildSettings = {
				ALWAYS_EMBED_SWIFT_STANDARD_LIBRARIES = YES;
				BUNDLE_LOADER = "$(TEST_HOST)";
				CODE_SIGN_STYLE = Automatic;
				CURRENT_PROJECT_VERSION = 1;
				DEVELOPMENT_TEAM = 3F634L5D2A;
				GENERATE_INFOPLIST_FILE = YES;
				IPHONEOS_DEPLOYMENT_TARGET = 16.2;
				MARKETING_VERSION = 1.0;
				PRODUCT_BUNDLE_IDENTIFIER = com.vishrutjha.FIFAWC2022Tests;
				PRODUCT_NAME = "$(TARGET_NAME)";
				SWIFT_EMIT_LOC_STRINGS = NO;
				SWIFT_VERSION = 5.0;
				TARGETED_DEVICE_FAMILY = "1,2";
				TEST_HOST = "$(BUILT_PRODUCTS_DIR)/FIFAWC2022.app/$(BUNDLE_EXECUTABLE_FOLDER_PATH)/FIFAWC2022";
			};
			name = Debug;
		};
		6DCDC90229BBFB3400A93918 /* Release */ = {
			isa = XCBuildConfiguration;
			buildSettings = {
				ALWAYS_EMBED_SWIFT_STANDARD_LIBRARIES = YES;
				BUNDLE_LOADER = "$(TEST_HOST)";
				CODE_SIGN_STYLE = Automatic;
				CURRENT_PROJECT_VERSION = 1;
				DEVELOPMENT_TEAM = 3F634L5D2A;
				GENERATE_INFOPLIST_FILE = YES;
				IPHONEOS_DEPLOYMENT_TARGET = 16.2;
				MARKETING_VERSION = 1.0;
				PRODUCT_BUNDLE_IDENTIFIER = com.vishrutjha.FIFAWC2022Tests;
				PRODUCT_NAME = "$(TARGET_NAME)";
				SWIFT_EMIT_LOC_STRINGS = NO;
				SWIFT_VERSION = 5.0;
				TARGETED_DEVICE_FAMILY = "1,2";
				TEST_HOST = "$(BUILT_PRODUCTS_DIR)/FIFAWC2022.app/$(BUNDLE_EXECUTABLE_FOLDER_PATH)/FIFAWC2022";
			};
			name = Release;
		};
		6DCDC90429BBFB3400A93918 /* Debug */ = {
			isa = XCBuildConfiguration;
			buildSettings = {
				ALWAYS_EMBED_SWIFT_STANDARD_LIBRARIES = YES;
				CODE_SIGN_STYLE = Automatic;
				CURRENT_PROJECT_VERSION = 1;
				DEVELOPMENT_TEAM = 3F634L5D2A;
				GENERATE_INFOPLIST_FILE = YES;
				MARKETING_VERSION = 1.0;
				PRODUCT_BUNDLE_IDENTIFIER = com.vishrutjha.FIFAWC2022UITests;
				PRODUCT_NAME = "$(TARGET_NAME)";
				SWIFT_EMIT_LOC_STRINGS = NO;
				SWIFT_VERSION = 5.0;
				TARGETED_DEVICE_FAMILY = "1,2";
				TEST_TARGET_NAME = FIFAWC2022;
			};
			name = Debug;
		};
		6DCDC90529BBFB3400A93918 /* Release */ = {
			isa = XCBuildConfiguration;
			buildSettings = {
				ALWAYS_EMBED_SWIFT_STANDARD_LIBRARIES = YES;
				CODE_SIGN_STYLE = Automatic;
				CURRENT_PROJECT_VERSION = 1;
				DEVELOPMENT_TEAM = 3F634L5D2A;
				GENERATE_INFOPLIST_FILE = YES;
				MARKETING_VERSION = 1.0;
				PRODUCT_BUNDLE_IDENTIFIER = com.vishrutjha.FIFAWC2022UITests;
				PRODUCT_NAME = "$(TARGET_NAME)";
				SWIFT_EMIT_LOC_STRINGS = NO;
				SWIFT_VERSION = 5.0;
				TARGETED_DEVICE_FAMILY = "1,2";
				TEST_TARGET_NAME = FIFAWC2022;
			};
			name = Release;
		};
/* End XCBuildConfiguration section */

/* Begin XCConfigurationList section */
		6DCDC8D429BBFB3300A93918 /* Build configuration list for PBXProject "FIFAWC2022" */ = {
			isa = XCConfigurationList;
			buildConfigurations = (
				6DCDC8FB29BBFB3400A93918 /* Debug */,
				6DCDC8FC29BBFB3400A93918 /* Release */,
			);
			defaultConfigurationIsVisible = 0;
			defaultConfigurationName = Release;
		};
		6DCDC8FD29BBFB3400A93918 /* Build configuration list for PBXNativeTarget "FIFAWC2022" */ = {
			isa = XCConfigurationList;
			buildConfigurations = (
				6DCDC8FE29BBFB3400A93918 /* Debug */,
				6DCDC8FF29BBFB3400A93918 /* Release */,
			);
			defaultConfigurationIsVisible = 0;
			defaultConfigurationName = Release;
		};
		6DCDC90029BBFB3400A93918 /* Build configuration list for PBXNativeTarget "FIFAWC2022Tests" */ = {
			isa = XCConfigurationList;
			buildConfigurations = (
				6DCDC90129BBFB3400A93918 /* Debug */,
				6DCDC90229BBFB3400A93918 /* Release */,
			);
			defaultConfigurationIsVisible = 0;
			defaultConfigurationName = Release;
		};
		6DCDC90329BBFB3400A93918 /* Build configuration list for PBXNativeTarget "FIFAWC2022UITests" */ = {
			isa = XCConfigurationList;
			buildConfigurations = (
				6DCDC90429BBFB3400A93918 /* Debug */,
				6DCDC90529BBFB3400A93918 /* Release */,
			);
			defaultConfigurationIsVisible = 0;
			defaultConfigurationName = Release;
		};
/* End XCConfigurationList section */
	};
	rootObject = 6DCDC8D129BBFB3300A93918 /* Project object */;
}
